
Microsoft Visual Studio Solution File, Format Version 12.00
# Visual Studio Version 17
VisualStudioVersion = 17.9.34616.47
MinimumVisualStudioVersion = 10.0.40219.1
Project("{9A19103F-16F7-4668-BE54-9A1E7A4F7556}") = "MessengerApp", "MessengerApp.csproj", "{9ADE26F0-CF6D-44BF-8397-65D62375596B}"
EndProject
Global
	GlobalSection(SolutionConfigurationPlatforms) = preSolution
		Debug|Any CPU = Debug|Any CPU
		Release|Any CPU = Release|Any CPU
	EndGlobalSection
	GlobalSection(ProjectConfigurationPlatforms) = postSolution
		{9ADE26F0-CF6D-44BF-8397-65D62375596B}.Debug|Any CPU.ActiveCfg = Debug|Any CPU
		{9ADE26F0-CF6D-44BF-8397-65D62375596B}.Debug|Any CPU.Build.0 = Debug|Any CPU
		{9ADE26F0-CF6D-44BF-8397-65D62375596B}.Release|Any CPU.ActiveCfg = Release|Any CPU
		{9ADE26F0-CF6D-44BF-8397-65D62375596B}.Release|Any CPU.Build.0 = Release|Any CPU
	EndGlobalSection
	GlobalSection(SolutionProperties) = preSolution
		HideSolutionNode = FALSE
	EndGlobalSection
	GlobalSection(ExtensibilityGlobals) = postSolution
		SolutionGuid = {18A0AE22-2636-45A7-84C1-5176C5A90C7F}
	EndGlobalSection
EndGlobal
